{
  "name": "@hkstudio011/opennovel",
  "version": "0.1.4",
  "lockfileVersion": 3,
  "requires": true,
  "packages": {
    "": {
      "name": "@hkstudio011/opennovel",
      "version": "0.1.4",
      "license": "MIT",
      "bin": {
        "opennovel": "bin/opennovel.js"
      },
      "engines": {
        "node": ">=18"
      }
    }
  }
}
